// !$*UTF8*$!
{
	archiveVersion = 1;
	classes = {
	};
	objectVersion = 46;
	objects = {

/* Begin PBXBuildFile section */
		8A579CD61BFF47750012C3E3 /* main.m in Sources */ = {isa = PBXBuildFile; fileRef = 8A579CD51BFF47750012C3E3 /* main.m */; };
		8A579CD91BFF47750012C3E3 /* AppDelegate.m in Sources */ = {isa = PBXBuildFile; fileRef = 8A579CD81BFF47750012C3E3 /* AppDelegate.m */; };
		8A579CE21BFF47750012C3E3 /* Main.storyboard in Resources */ = {isa = PBXBuildFile; fileRef = 8A579CE01BFF47750012C3E3 /* Main.storyboard */; };
		8A579CE41BFF47750012C3E3 /* Assets.xcassets in Resources */ = {isa = PBXBuildFile; fileRef = 8A579CE31BFF47750012C3E3 /* Assets.xcassets */; };
		8A579CF01BFF49B70012C3E3 /* RideViewController.m in Sources */ = {isa = PBXBuildFile; fileRef = 8A579CEF1BFF49B70012C3E3 /* RideViewController.m */; };
		8A579CF41BFF53050012C3E3 /* MapKit.framework in Frameworks */ = {isa = PBXBuildFile; fileRef = 8A579CF31BFF53050012C3E3 /* MapKit.framework */; };
		8A579CF61BFF53100012C3E3 /* CoreLocation.framework in Frameworks */ = {isa = PBXBuildFile; fileRef = 8A579CF51BFF53100012C3E3 /* CoreLocation.framework */; };
		8A579CF81BFF53320012C3E3 /* CoreGraphics.framework in Frameworks */ = {isa = PBXBuildFile; fileRef = 8A579CF71BFF53320012C3E3 /* CoreGraphics.framework */; };
		8A579CFD1C003D050012C3E3 /* MapViewController.m in Sources */ = {isa = PBXBuildFile; fileRef = 8A579CFC1C003D050012C3E3 /* MapViewController.m */; };
		8A579D001C0040690012C3E3 /* HistoryViewController.m in Sources */ = {isa = PBXBuildFile; fileRef = 8A579CFF1C0040690012C3E3 /* HistoryViewController.m */; };
		8A823B271C01C27A00EF2474 /* ProfileTableViewController.m in Sources */ = {isa = PBXBuildFile; fileRef = 8A823B261C01C27A00EF2474 /* ProfileTableViewController.m */; };
		8A823B2A1C01C44200EF2474 /* RideRecord.m in Sources */ = {isa = PBXBuildFile; fileRef = 8A823B291C01C44200EF2474 /* RideRecord.m */; };
/* End PBXBuildFile section */

/* Begin PBXFileReference section */
		8A579CD11BFF47750012C3E3 /* WhiteBirdRideBike.app */ = {isa = PBXFileReference; explicitFileType = wrapper.application; includeInIndex = 0; path = WhiteBirdRideBike.app; sourceTree = BUILT_PRODUCTS_DIR; };
		8A579CD51BFF47750012C3E3 /* main.m */ = {isa = PBXFileReference; lastKnownFileType = sourcecode.c.objc; path = main.m; sourceTree = "<group>"; };
		8A579CD71BFF47750012C3E3 /* AppDelegate.h */ = {isa = PBXFileReference; lastKnownFileType = sourcecode.c.h; path = AppDelegate.h; sourceTree = "<group>"; };
		8A579CD81BFF47750012C3E3 /* AppDelegate.m */ = {isa = PBXFileReference; lastKnownFileType = sourcecode.c.objc; path = AppDelegate.m; sourceTree = "<group>"; };
		8A579CE11BFF47750012C3E3 /* Base */ = {isa = PBXFileReference; lastKnownFileType = file.storyboard; name = Base; path = Base.lproj/Main.storyboard; sourceTree = "<group>"; };
		8A579CE31BFF47750012C3E3 /* Assets.xcassets */ = {isa = PBXFileReference; lastKnownFileType = folder.assetcatalog; path = Assets.xcassets; sourceTree = "<group>"; };
		8A579CE81BFF47750012C3E3 /* Info.plist */ = {isa = PBXFileReference; lastKnownFileType = text.plist.xml; path = Info.plist; sourceTree = "<group>"; };
		8A579CEE1BFF49B70012C3E3 /* RideViewController.h */ = {isa = PBXFileReference; fileEncoding = 4; lastKnownFileType = sourcecode.c.h; path = RideViewController.h; sourceTree = "<group>"; };
		8A579CEF1BFF49B70012C3E3 /* RideViewController.m */ = {isa = PBXFileReference; fileEncoding = 4; lastKnownFileType = sourcecode.c.objc; path = RideViewController.m; sourceTree = "<group>"; };
		8A579CF31BFF53050012C3E3 /* MapKit.framework */ = {isa = PBXFileReference; lastKnownFileType = wrapper.framework; name = MapKit.framework; path = System/Library/Frameworks/MapKit.framework; sourceTree = SDKROOT; };
		8A579CF51BFF53100012C3E3 /* CoreLocation.framework */ = {isa = PBXFileReference; lastKnownFileType = wrapper.framework; name = CoreLocation.framework; path = System/Library/Frameworks/CoreLocation.framework; sourceTree = SDKROOT; };
		8A579CF71BFF53320012C3E3 /* CoreGraphics.framework */ = {isa = PBXFileReference; lastKnownFileType = wrapper.framework; name = CoreGraphics.framework; path = System/Library/Frameworks/CoreGraphics.framework; sourceTree = SDKROOT; };
		8A579CFB1C003D050012C3E3 /* MapViewController.h */ = {isa = PBXFileReference; fileEncoding = 4; lastKnownFileType = sourcecode.c.h; path = MapViewController.h; sourceTree = "<group>"; };
		8A579CFC1C003D050012C3E3 /* MapViewController.m */ = {isa = PBXFileReference; fileEncoding = 4; lastKnownFileType = sourcecode.c.objc; path = MapViewController.m; sourceTree = "<group>"; };
		8A579CFE1C0040690012C3E3 /* HistoryViewController.h */ = {isa = PBXFileReference; fileEncoding = 4; lastKnownFileType = sourcecode.c.h; path = HistoryViewController.h; sourceTree = "<group>"; };
		8A579CFF1C0040690012C3E3 /* HistoryViewController.m */ = {isa = PBXFileReference; fileEncoding = 4; lastKnownFileType = sourcecode.c.objc; path = HistoryViewController.m; sourceTree = "<group>"; };
		8A823B251C01C27A00EF2474 /* ProfileTableViewController.h */ = {isa = PBXFileReference; fileEncoding = 4; lastKnownFileType = sourcecode.c.h; path = ProfileTableViewController.h; sourceTree = "<group>"; };
		8A823B261C01C27A00EF2474 /* ProfileTableViewController.m */ = {isa = PBXFileReference; fileEncoding = 4; lastKnownFileType = sourcecode.c.objc; path = ProfileTableViewController.m; sourceTree = "<group>"; };
		8A823B281C01C44200EF2474 /* RideRecord.h */ = {isa = PBXFileReference; fileEncoding = 4; lastKnownFileType = sourcecode.c.h; path = RideRecord.h; sourceTree = "<group>"; };
		8A823B291C01C44200EF2474 /* RideRecord.m */ = {isa = PBXFileReference; fileEncoding = 4; lastKnownFileType = sourcecode.c.objc; path = RideRecord.m; sourceTree = "<group>"; };
/* End PBXFileReference section */

/* Begin PBXFrameworksBuildPhase section */
		8A579CCE1BFF47750012C3E3 /* Frameworks */ = {
			isa = PBXFrameworksBuildPhase;
			buildActionMask = 2147483647;
			files = (
				8A579CF81BFF53320012C3E3 /* CoreGraphics.framework in Frameworks */,
				8A579CF61BFF53100012C3E3 /* CoreLocation.framework in Frameworks */,
				8A579CF41BFF53050012C3E3 /* MapKit.framework in Frameworks */,
			);
			runOnlyForDeploymentPostprocessing = 0;
		};
/* End PBXFrameworksBuildPhase section */

/* Begin PBXGroup section */
		8A579CC81BFF47750012C3E3 = {
			isa = PBXGroup;
			children = (
				8A579CD31BFF47750012C3E3 /* WhiteBirdRideBike */,
				8A579CF91BFF534A0012C3E3 /* Frameworks */,
				8A579CD21BFF47750012C3E3 /* Products */,
			);
			sourceTree = "<group>";
		};
		8A579CD21BFF47750012C3E3 /* Products */ = {
			isa = PBXGroup;
			children = (
				8A579CD11BFF47750012C3E3 /* WhiteBirdRideBike.app */,
			);
			name = Products;
			sourceTree = "<group>";
		};
		8A579CD31BFF47750012C3E3 /* WhiteBirdRideBike */ = {
			isa = PBXGroup;
			children = (
				8A579CFA1BFF53890012C3E3 /* Classes */,
				8A579CD41BFF47750012C3E3 /* Supporting Files */,
			);
			path = WhiteBirdRideBike;
			sourceTree = "<group>";
		};
		8A579CD41BFF47750012C3E3 /* Supporting Files */ = {
			isa = PBXGroup;
			children = (
				8A579CE01BFF47750012C3E3 /* Main.storyboard */,
				8A579CD51BFF47750012C3E3 /* main.m */,
				8A579CE81BFF47750012C3E3 /* Info.plist */,
				8A579CE31BFF47750012C3E3 /* Assets.xcassets */,
			);
			name = "Supporting Files";
			sourceTree = "<group>";
		};
		8A579CF91BFF534A0012C3E3 /* Frameworks */ = {
			isa = PBXGroup;
			children = (
				8A579CF71BFF53320012C3E3 /* CoreGraphics.framework */,
				8A579CF51BFF53100012C3E3 /* CoreLocation.framework */,
				8A579CF31BFF53050012C3E3 /* MapKit.framework */,
			);
			name = Frameworks;
			sourceTree = "<group>";
		};
		8A579CFA1BFF53890012C3E3 /* Classes */ = {
			isa = PBXGroup;
			children = (
				8A579CD71BFF47750012C3E3 /* AppDelegate.h */,
				8A579CD81BFF47750012C3E3 /* AppDelegate.m */,
				8A823B281C01C44200EF2474 /* RideRecord.h */,
				8A823B291C01C44200EF2474 /* RideRecord.m */,
				8A579CEE1BFF49B70012C3E3 /* RideViewController.h */,
				8A579CEF1BFF49B70012C3E3 /* RideViewController.m */,
				8A579CFB1C003D050012C3E3 /* MapViewController.h */,
				8A579CFC1C003D050012C3E3 /* MapViewController.m */,
				8A579CFE1C0040690012C3E3 /* HistoryViewController.h */,
				8A579CFF1C0040690012C3E3 /* HistoryViewController.m */,
				8A823B251C01C27A00EF2474 /* ProfileTableViewController.h */,
				8A823B261C01C27A00EF2474 /* ProfileTableViewController.m */,
			);
			name = Classes;
			sourceTree = "<group>";
		};
/* End PBXGroup section */

/* Begin PBXNativeTarget section */
		8A579CD01BFF47750012C3E3 /* WhiteBirdRideBike */ = {
			isa = PBXNativeTarget;
			buildConfigurationList = 8A579CEB1BFF47750012C3E3 /* Build configuration list for PBXNativeTarget "WhiteBirdRideBike" */;
			buildPhases = (
				8A579CCD1BFF47750012C3E3 /* Sources */,
				8A579CCE1BFF47750012C3E3 /* Frameworks */,
				8A579CCF1BFF47750012C3E3 /* Resources */,
			);
			buildRules = (
			);
			dependencies = (
			);
			name = WhiteBirdRideBike;
			productName = WhiteBirdRideBike;
			productReference = 8A579CD11BFF47750012C3E3 /* WhiteBirdRideBike.app */;
			productType = "com.apple.product-type.application";
		};
/* End PBXNativeTarget section */

/* Begin PBXProject section */
		8A579CC91BFF47750012C3E3 /* Project object */ = {
			isa = PBXProject;
			attributes = {
				LastUpgradeCheck = 0710;
				ORGANIZATIONNAME = "Xu Menghua";
				TargetAttributes = {
					8A579CD01BFF47750012C3E3 = {
						CreatedOnToolsVersion = 7.1.1;
						DevelopmentTeam = HTWP5K7C26;
					};
				};
			};
			buildConfigurationList = 8A579CCC1BFF47750012C3E3 /* Build configuration list for PBXProject "WhiteBirdRideBike" */;
			compatibilityVersion = "Xcode 3.2";
			developmentRegion = English;
			hasScannedForEncodings = 0;
			knownRegions = (
				en,
				Base,
			);
			mainGroup = 8A579CC81BFF47750012C3E3;
			productRefGroup = 8A579CD21BFF47750012C3E3 /* Products */;
			projectDirPath = "";
			projectRoot = "";
			targets = (
				8A579CD01BFF47750012C3E3 /* WhiteBirdRideBike */,
			);
		};
/* End PBXProject section */

/* Begin PBXResourcesBuildPhase section */
		8A579CCF1BFF47750012C3E3 /* Resources */ = {
			isa = PBXResourcesBuildPhase;
			buildActionMask = 2147483647;
			files = (
				8A579CE41BFF47750012C3E3 /* Assets.xcassets in Resources */,
				8A579CE21BFF47750012C3E3 /* Main.storyboard in Resources */,
			);
			runOnlyForDeploymentPostprocessing = 0;
		};
/* End PBXResourcesBuildPhase section */

/* Begin PBXSourcesBuildPhase section */
		8A579CCD1BFF47750012C3E3 /* Sources */ = {
			isa = PBXSourcesBuildPhase;
			buildActionMask = 2147483647;
			files = (
				8A579CD91BFF47750012C3E3 /* AppDelegate.m in Sources */,
				8A579CF01BFF49B70012C3E3 /* RideViewController.m in Sources */,
				8A579CD61BFF47750012C3E3 /* main.m in Sources */,
				8A823B2A1C01C44200EF2474 /* RideRecord.m in Sources */,
				8A823B271C01C27A00EF2474 /* ProfileTableViewController.m in Sources */,
				8A579D001C0040690012C3E3 /* HistoryViewController.m in Sources */,
				8A579CFD1C003D050012C3E3 /* MapViewController.m in Sources */,
			);
			runOnlyForDeploymentPostprocessing = 0;
		};
/* End PBXSourcesBuildPhase section */

/* Begin PBXVariantGroup section */
		8A579CE01BFF47750012C3E3 /* Main.storyboard */ = {
			isa = PBXVariantGroup;
			children = (
				8A579CE11BFF47750012C3E3 /* Base */,
			);
			name = Main.storyboard;
			sourceTree = "<group>";
		};
/* End PBXVariantGroup section */

/* Begin XCBuildConfiguration section */
		8A579CE91BFF47750012C3E3 /* Debug */ = {
			isa = XCBuildConfiguration;
			buildSettings = {
				ALWAYS_SEARCH_USER_PATHS = NO;
				CLANG_CXX_LANGUAGE_STANDARD = "gnu++0x";
				CLANG_CXX_LIBRARY = "libc++";
				CLANG_ENABLE_MODULES = YES;
				CLANG_ENABLE_OBJC_ARC = YES;
				CLANG_WARN_BOOL_CONVERSION = YES;
				CLANG_WARN_CONSTANT_CONVERSION = YES;
				CLANG_WARN_DIRECT_OBJC_ISA_USAGE = YES_ERROR;
				CLANG_WARN_EMPTY_BODY = YES;
				CLANG_WARN_ENUM_CONVERSION = YES;
				CLANG_WARN_INT_CONVERSION = YES;
				CLANG_WARN_OBJC_ROOT_CLASS = YES_ERROR;
				CLANG_WARN_UNREACHABLE_CODE = YES;
				CLANG_WARN__DUPLICATE_METHOD_MATCH = YES;
				"CODE_SIGN_IDENTITY[sdk=iphoneos*]" = "iPhone Developer";
				COPY_PHASE_STRIP = NO;
				DEBUG_INFORMATION_FORMAT = dwarf;
				ENABLE_STRICT_OBJC_MSGSEND = YES;
				ENABLE_TESTABILITY = YES;
				GCC_C_LANGUAGE_STANDARD = gnu99;
				GCC_DYNAMIC_NO_PIC = NO;
				GCC_NO_COMMON_BLOCKS = YES;
				GCC_OPTIMIZATION_LEVEL = 0;
				GCC_PREPROCESSOR_DEFINITIONS = (
					"DEBUG=1",
					"$(inherited)",
				);
				GCC_WARN_64_TO_32_BIT_CONVERSION = YES;
				GCC_WARN_ABOUT_RETURN_TYPE = YES_ERROR;
				GCC_WARN_UNDECLARED_SELECTOR = YES;
				GCC_WARN_UNINITIALIZED_AUTOS = YES_AGGRESSIVE;
				GCC_WARN_UNUSED_FUNCTION = YES;
				GCC_WARN_UNUSED_VARIABLE = YES;
				IPHONEOS_DEPLOYMENT_TARGET = 9.1;
				MTL_ENABLE_DEBUG_INFO = YES;
				ONLY_ACTIVE_ARCH = YES;
				SDKROOT = iphoneos;
			};
			name = Debug;
		};
		8A579CEA1BFF47750012C3E3 /* Release */ = {
			isa = XCBuildConfiguration;
			buildSettings = {
				ALWAYS_SEARCH_USER_PATHS = NO;
				CLANG_CXX_LANGUAGE_STANDARD = "gnu++0x";
				CLANG_CXX_LIBRARY = "libc++";
				CLANG_ENABLE_MODULES = YES;
				CLANG_ENABLE_OBJC_ARC = YES;
				CLANG_WARN_BOOL_CONVERSION = YES;
				CLANG_WARN_CONSTANT_CONVERSION = YES;
				CLANG_WARN_DIRECT_OBJC_ISA_USAGE = YES_ERROR;
				CLANG_WARN_EMPTY_BODY = YES;
				CLANG_WARN_ENUM_CONVERSION = YES;
				CLANG_WARN_INT_CONVERSION = YES;
				CLANG_WARN_OBJC_ROOT_CLASS = YES_ERROR;
				CLANG_WARN_UNREACHABLE_CODE = YES;
				CLANG_WARN__DUPLICATE_METHOD_MATCH = YES;
				"CODE_SIGN_IDENTITY[sdk=iphoneos*]" = "iPhone Developer";
				COPY_PHASE_STRIP = NO;
				DEBUG_INFORMATION_FORMAT = "dwarf-with-dsym";
				ENABLE_NS_ASSERTIONS = NO;
				ENABLE_STRICT_OBJC_MSGSEND = YES;
				GCC_C_LANGUAGE_STANDARD = gnu99;
				GCC_NO_COMMON_BLOCKS = YES;
				GCC_WARN_64_TO_32_BIT_CONVERSION = YES;
				GCC_WARN_ABOUT_RETURN_TYPE = YES_ERROR;
				GCC_WARN_UNDECLARED_SELECTOR = YES;
				GCC_WARN_UNINITIALIZED_AUTOS = YES_AGGRESSIVE;
				GCC_WARN_UNUSED_FUNCTION = YES;
				GCC_WARN_UNUSED_VARIABLE = YES;
				IPHONEOS_DEPLOYMENT_TARGET = 9.1;
				MTL_ENABLE_DEBUG_INFO = NO;
				SDKROOT = iphoneos;
				VALIDATE_PRODUCT = YES;
			};
			name = Release;
		};
		8A579CEC1BFF47750012C3E3 /* Debug */ = {
			isa = XCBuildConfiguration;
			buildSettings = {
				ASSETCATALOG_COMPILER_APPICON_NAME = AppIcon;
				ASSETCATALOG_COMPILER_LAUNCHIMAGE_NAME = LaunchImage;
				INFOPLIST_FILE = WhiteBirdRideBike/Info.plist;
				IPHONEOS_DEPLOYMENT_TARGET = 8.0;
				LD_RUNPATH_SEARCH_PATHS = "$(inherited) @executable_path/Frameworks";
				PRODUCT_BUNDLE_IDENTIFIER = "Xu-Menghua.WhiteBirdRideBike";
				PRODUCT_NAME = "$(TARGET_NAME)";
			};
			name = Debug;
		};
		8A579CED1BFF47750012C3E3 /* Release */ = {
			isa = XCBuildConfiguration;
			buildSettings = {
				ASSETCATALOG_COMPILER_APPICON_NAME = AppIcon;
				ASSETCATALOG_COMPILER_LAUNCHIMAGE_NAME = LaunchImage;
				INFOPLIST_FILE = WhiteBirdRideBike/Info.plist;
				IPHONEOS_DEPLOYMENT_TARGET = 8.0;
				LD_RUNPATH_SEARCH_PATHS = "$(inherited) @executable_path/Frameworks";
				PRODUCT_BUNDLE_IDENTIFIER = "Xu-Menghua.WhiteBirdRideBike";
				PRODUCT_NAME = "$(TARGET_NAME)";
			};
			name = Release;
		};
/* End XCBuildConfiguration section */

/* Begin XCConfigurationList section */
		8A579CCC1BFF47750012C3E3 /* Build configuration list for PBXProject "WhiteBirdRideBike" */ = {
			isa = XCConfigurationList;
			buildConfigurations = (
				8A579CE91BFF47750012C3E3 /* Debug */,
				8A579CEA1BFF47750012C3E3 /* Release */,
			);
			defaultConfigurationIsVisible = 0;
			defaultConfigurationName = Release;
		};
		8A579CEB1BFF47750012C3E3 /* Build configuration list for PBXNativeTarget "WhiteBirdRideBike" */ = {
			isa = XCConfigurationList;
			buildConfigurations = (
				8A579CEC1BFF47750012C3E3 /* Debug */,
				8A579CED1BFF47750012C3E3 /* Release */,
			);
			defaultConfigurationIsVisible = 0;
			defaultConfigurationName = Release;
		};
/* End XCConfigurationList section */
	};
	rootObject = 8A579CC91BFF47750012C3E3 /* Project object */;
}
